
Microsoft Visual Studio Solution File, Format Version 12.00
# Visual Studio Version 16
VisualStudioVersion = 16.0.30225.117
MinimumVisualStudioVersion = 10.0.40219.1
Project("{FAE04EC0-301F-11D3-BF4B-00C04F79EFBC}") = "mijnEersteGithb", "mijnEersteGithb\mijnEersteGithb.csproj", "{450FCC07-871F-4CD0-B8A4-B570AE10202C}"
EndProject
Global
	GlobalSection(SolutionConfigurationPlatforms) = preSolution
		Debug|Any CPU = Debug|Any CPU
		Release|Any CPU = Release|Any CPU
	EndGlobalSection
	GlobalSection(ProjectConfigurationPlatforms) = postSolution
		{450FCC07-871F-4CD0-B8A4-B570AE10202C}.Debug|Any CPU.ActiveCfg = Debug|Any CPU
		{450FCC07-871F-4CD0-B8A4-B570AE10202C}.Debug|Any CPU.Build.0 = Debug|Any CPU
		{450FCC07-871F-4CD0-B8A4-B570AE10202C}.Release|Any CPU.ActiveCfg = Release|Any CPU
		{450FCC07-871F-4CD0-B8A4-B570AE10202C}.Release|Any CPU.Build.0 = Release|Any CPU
	EndGlobalSection
	GlobalSection(SolutionProperties) = preSolution
		HideSolutionNode = FALSE
	EndGlobalSection
	GlobalSection(ExtensibilityGlobals) = postSolution
		SolutionGuid = {87EE5483-298A-4610-BFC7-781B1AA71EFA}
	EndGlobalSection
EndGlobal
